
Microsoft Visual Studio Solution File, Format Version 12.00
# Visual Studio 15
VisualStudioVersion = 15.0.27703.2042
MinimumVisualStudioVersion = 10.0.40219.1
Project("{FAE04EC0-301F-11D3-BF4B-00C04F79EFBC}") = "ComicBookGallery", "ComicBookGallery\ComicBookGallery.csproj", "{4D5BBDF3-0E25-4FE3-BAA6-FC5B07D0E894}"
EndProject
Global
	GlobalSection(SolutionConfigurationPlatforms) = preSolution
		Debug|Any CPU = Debug|Any CPU
		Release|Any CPU = Release|Any CPU
	EndGlobalSection
	GlobalSection(ProjectConfigurationPlatforms) = postSolution
		{4D5BBDF3-0E25-4FE3-BAA6-FC5B07D0E894}.Debug|Any CPU.ActiveCfg = Debug|Any CPU
		{4D5BBDF3-0E25-4FE3-BAA6-FC5B07D0E894}.Debug|Any CPU.Build.0 = Debug|Any CPU
		{4D5BBDF3-0E25-4FE3-BAA6-FC5B07D0E894}.Release|Any CPU.ActiveCfg = Release|Any CPU
		{4D5BBDF3-0E25-4FE3-BAA6-FC5B07D0E894}.Release|Any CPU.Build.0 = Release|Any CPU
	EndGlobalSection
	GlobalSection(SolutionProperties) = preSolution
		HideSolutionNode = FALSE
	EndGlobalSection
	GlobalSection(ExtensibilityGlobals) = postSolution
		SolutionGuid = {98B4CFC6-7275-40AE-83F0-75C28628BECE}
	EndGlobalSection
EndGlobal
